
Microsoft Visual Studio Solution File, Format Version 12.00
# Visual Studio 15
VisualStudioVersion = 15.0.28307.1684
MinimumVisualStudioVersion = 10.0.40219.1
Project("{FAE04EC0-301F-11D3-BF4B-00C04F79EFBC}") = "DLM.cad", "Ferramentas_AutoCad\DLM.cad.csproj", "{76F7DEC0-9A49-4F71-9008-B3329F4BD1BD}"
EndProject
Project("{FAE04EC0-301F-11D3-BF4B-00C04F79EFBC}") = "Conexoes", "..\Conexoes\Conexoes.csproj", "{DEF82547-9FAB-457E-89BF-C10ED1DD9162}"
EndProject
Global
	GlobalSection(SolutionConfigurationPlatforms) = preSolution
		Debug|Any CPU = Debug|Any CPU
		Release|Any CPU = Release|Any CPU
	EndGlobalSection
	GlobalSection(ProjectConfigurationPlatforms) = postSolution
		{76F7DEC0-9A49-4F71-9008-B3329F4BD1BD}.Debug|Any CPU.ActiveCfg = Debug|Any CPU
		{76F7DEC0-9A49-4F71-9008-B3329F4BD1BD}.Debug|Any CPU.Build.0 = Debug|Any CPU
		{76F7DEC0-9A49-4F71-9008-B3329F4BD1BD}.Release|Any CPU.ActiveCfg = Release|Any CPU
		{76F7DEC0-9A49-4F71-9008-B3329F4BD1BD}.Release|Any CPU.Build.0 = Release|Any CPU
		{DEF82547-9FAB-457E-89BF-C10ED1DD9162}.Debug|Any CPU.ActiveCfg = Debug|Any CPU
		{DEF82547-9FAB-457E-89BF-C10ED1DD9162}.Debug|Any CPU.Build.0 = Debug|Any CPU
		{DEF82547-9FAB-457E-89BF-C10ED1DD9162}.Release|Any CPU.ActiveCfg = Release|Any CPU
		{DEF82547-9FAB-457E-89BF-C10ED1DD9162}.Release|Any CPU.Build.0 = Release|Any CPU
	EndGlobalSection
	GlobalSection(SolutionProperties) = preSolution
		HideSolutionNode = FALSE
	EndGlobalSection
	GlobalSection(ExtensibilityGlobals) = postSolution
		SolutionGuid = {DA476D89-405D-4E82-B03A-732274F14F09}
	EndGlobalSection
EndGlobal
